// !$*UTF8*$!
{
	archiveVersion = 1;
	classes = {
	};
	objectVersion = 56;
	objects = {

/* Begin PBXBuildFile section */
		D536ACFF2A7A464C000D544E /* Question.swift in Sources */ = {isa = PBXBuildFile; fileRef = D536ACFE2A7A464C000D544E /* Question.swift */; };
		D536AD052A7A5269000D544E /* QuizBrain.swift in Sources */ = {isa = PBXBuildFile; fileRef = D536AD042A7A5269000D544E /* QuizBrain.swift */; };
		D55ED2DC2A777DA800B492E4 /* AppDelegate.swift in Sources */ = {isa = PBXBuildFile; fileRef = D55ED2DB2A777DA800B492E4 /* AppDelegate.swift */; };
		D55ED2DE2A777DA800B492E4 /* SceneDelegate.swift in Sources */ = {isa = PBXBuildFile; fileRef = D55ED2DD2A777DA800B492E4 /* SceneDelegate.swift */; };
		D55ED2E02A777DA800B492E4 /* ViewController.swift in Sources */ = {isa = PBXBuildFile; fileRef = D55ED2DF2A777DA800B492E4 /* ViewController.swift */; };
		D55ED2E32A777DA800B492E4 /* Main.storyboard in Resources */ = {isa = PBXBuildFile; fileRef = D55ED2E12A777DA800B492E4 /* Main.storyboard */; };
		D55ED2E52A777DAA00B492E4 /* Assets.xcassets in Resources */ = {isa = PBXBuildFile; fileRef = D55ED2E42A777DAA00B492E4 /* Assets.xcassets */; };
		D55ED2E82A777DAA00B492E4 /* LaunchScreen.storyboard in Resources */ = {isa = PBXBuildFile; fileRef = D55ED2E62A777DAA00B492E4 /* LaunchScreen.storyboard */; };
/* End PBXBuildFile section */

/* Begin PBXFileReference section */
		D536ACFE2A7A464C000D544E /* Question.swift */ = {isa = PBXFileReference; lastKnownFileType = sourcecode.swift; path = Question.swift; sourceTree = "<group>"; };
		D536AD042A7A5269000D544E /* QuizBrain.swift */ = {isa = PBXFileReference; lastKnownFileType = sourcecode.swift; path = QuizBrain.swift; sourceTree = "<group>"; };
		D55ED2D82A777DA800B492E4 /* 9 Quizzler.app */ = {isa = PBXFileReference; explicitFileType = wrapper.application; includeInIndex = 0; path = "9 Quizzler.app"; sourceTree = BUILT_PRODUCTS_DIR; };
		D55ED2DB2A777DA800B492E4 /* AppDelegate.swift */ = {isa = PBXFileReference; lastKnownFileType = sourcecode.swift; path = AppDelegate.swift; sourceTree = "<group>"; };
		D55ED2DD2A777DA800B492E4 /* SceneDelegate.swift */ = {isa = PBXFileReference; lastKnownFileType = sourcecode.swift; path = SceneDelegate.swift; sourceTree = "<group>"; };
		D55ED2DF2A777DA800B492E4 /* ViewController.swift */ = {isa = PBXFileReference; lastKnownFileType = sourcecode.swift; path = ViewController.swift; sourceTree = "<group>"; };
		D55ED2E22A777DA800B492E4 /* Base */ = {isa = PBXFileReference; lastKnownFileType = file.storyboard; name = Base; path = Base.lproj/Main.storyboard; sourceTree = "<group>"; };
		D55ED2E42A777DAA00B492E4 /* Assets.xcassets */ = {isa = PBXFileReference; lastKnownFileType = folder.assetcatalog; path = Assets.xcassets; sourceTree = "<group>"; };
		D55ED2E72A777DAA00B492E4 /* Base */ = {isa = PBXFileReference; lastKnownFileType = file.storyboard; name = Base; path = Base.lproj/LaunchScreen.storyboard; sourceTree = "<group>"; };
		D55ED2E92A777DAA00B492E4 /* Info.plist */ = {isa = PBXFileReference; lastKnownFileType = text.plist.xml; path = Info.plist; sourceTree = "<group>"; };
/* End PBXFileReference section */

/* Begin PBXFrameworksBuildPhase section */
		D55ED2D52A777DA800B492E4 /* Frameworks */ = {
			isa = PBXFrameworksBuildPhase;
			buildActionMask = 2147483647;
			files = (
			);
			runOnlyForDeploymentPostprocessing = 0;
		};
/* End PBXFrameworksBuildPhase section */

/* Begin PBXGroup section */
		D536AD002A7A51A5000D544E /* Model */ = {
			isa = PBXGroup;
			children = (
				D536ACFE2A7A464C000D544E /* Question.swift */,
				D536AD042A7A5269000D544E /* QuizBrain.swift */,
			);
			path = Model;
			sourceTree = "<group>";
		};
		D536AD012A7A51BC000D544E /* View */ = {
			isa = PBXGroup;
			children = (
				D55ED2E12A777DA800B492E4 /* Main.storyboard */,
			);
			path = View;
			sourceTree = "<group>";
		};
		D536AD032A7A51F3000D544E /* Controller */ = {
			isa = PBXGroup;
			children = (
				D55ED2DF2A777DA800B492E4 /* ViewController.swift */,
			);
			path = Controller;
			sourceTree = "<group>";
		};
		D55ED2CF2A777DA800B492E4 = {
			isa = PBXGroup;
			children = (
				D55ED2DA2A777DA800B492E4 /* 9 Quizzler */,
				D55ED2D92A777DA800B492E4 /* Products */,
			);
			sourceTree = "<group>";
		};
		D55ED2D92A777DA800B492E4 /* Products */ = {
			isa = PBXGroup;
			children = (
				D55ED2D82A777DA800B492E4 /* 9 Quizzler.app */,
			);
			name = Products;
			sourceTree = "<group>";
		};
		D55ED2DA2A777DA800B492E4 /* 9 Quizzler */ = {
			isa = PBXGroup;
			children = (
				D55ED2DB2A777DA800B492E4 /* AppDelegate.swift */,
				D55ED2DD2A777DA800B492E4 /* SceneDelegate.swift */,
				D536AD002A7A51A5000D544E /* Model */,
				D536AD012A7A51BC000D544E /* View */,
				D536AD032A7A51F3000D544E /* Controller */,
				D55ED2E42A777DAA00B492E4 /* Assets.xcassets */,
				D55ED2E62A777DAA00B492E4 /* LaunchScreen.storyboard */,
				D55ED2E92A777DAA00B492E4 /* Info.plist */,
			);
			path = "9 Quizzler";
			sourceTree = "<group>";
		};
/* End PBXGroup section */

/* Begin PBXNativeTarget section */
		D55ED2D72A777DA800B492E4 /* 9 Quizzler */ = {
			isa = PBXNativeTarget;
			buildConfigurationList = D55ED2EC2A777DAA00B492E4 /* Build configuration list for PBXNativeTarget "9 Quizzler" */;
			buildPhases = (
				D55ED2D42A777DA800B492E4 /* Sources */,
				D55ED2D52A777DA800B492E4 /* Frameworks */,
				D55ED2D62A777DA800B492E4 /* Resources */,
			);
			buildRules = (
			);
			dependencies = (
			);
			name = "9 Quizzler";
			productName = "9 Quizzler";
			productReference = D55ED2D82A777DA800B492E4 /* 9 Quizzler.app */;
			productType = "com.apple.product-type.application";
		};
/* End PBXNativeTarget section */

/* Begin PBXProject section */
		D55ED2D02A777DA800B492E4 /* Project object */ = {
			isa = PBXProject;
			attributes = {
				BuildIndependentTargetsInParallel = 1;
				LastSwiftUpdateCheck = 1430;
				LastUpgradeCheck = 1430;
				TargetAttributes = {
					D55ED2D72A777DA800B492E4 = {
						CreatedOnToolsVersion = 14.3.1;
					};
				};
			};
			buildConfigurationList = D55ED2D32A777DA800B492E4 /* Build configuration list for PBXProject "9 Quizzler" */;
			compatibilityVersion = "Xcode 14.0";
			developmentRegion = en;
			hasScannedForEncodings = 0;
			knownRegions = (
				en,
				Base,
			);
			mainGroup = D55ED2CF2A777DA800B492E4;
			productRefGroup = D55ED2D92A777DA800B492E4 /* Products */;
			projectDirPath = "";
			projectRoot = "";
			targets = (
				D55ED2D72A777DA800B492E4 /* 9 Quizzler */,
			);
		};
/* End PBXProject section */

/* Begin PBXResourcesBuildPhase section */
		D55ED2D62A777DA800B492E4 /* Resources */ = {
			isa = PBXResourcesBuildPhase;
			buildActionMask = 2147483647;
			files = (
				D55ED2E82A777DAA00B492E4 /* LaunchScreen.storyboard in Resources */,
				D55ED2E52A777DAA00B492E4 /* Assets.xcassets in Resources */,
				D55ED2E32A777DA800B492E4 /* Main.storyboard in Resources */,
			);
			runOnlyForDeploymentPostprocessing = 0;
		};
/* End PBXResourcesBuildPhase section */

/* Begin PBXSourcesBuildPhase section */
		D55ED2D42A777DA800B492E4 /* Sources */ = {
			isa = PBXSourcesBuildPhase;
			buildActionMask = 2147483647;
			files = (
				D536AD052A7A5269000D544E /* QuizBrain.swift in Sources */,
				D55ED2E02A777DA800B492E4 /* ViewController.swift in Sources */,
				D536ACFF2A7A464C000D544E /* Question.swift in Sources */,
				D55ED2DC2A777DA800B492E4 /* AppDelegate.swift in Sources */,
				D55ED2DE2A777DA800B492E4 /* SceneDelegate.swift in Sources */,
			);
			runOnlyForDeploymentPostprocessing = 0;
		};
/* End PBXSourcesBuildPhase section */

/* Begin PBXVariantGroup section */
		D55ED2E12A777DA800B492E4 /* Main.storyboard */ = {
			isa = PBXVariantGroup;
			children = (
				D55ED2E22A777DA800B492E4 /* Base */,
			);
			name = Main.storyboard;
			sourceTree = "<group>";
		};
		D55ED2E62A777DAA00B492E4 /* LaunchScreen.storyboard */ = {
			isa = PBXVariantGroup;
			children = (
				D55ED2E72A777DAA00B492E4 /* Base */,
			);
			name = LaunchScreen.storyboard;
			sourceTree = "<group>";
		};
/* End PBXVariantGroup section */

/* Begin XCBuildConfiguration section */
		D55ED2EA2A777DAA00B492E4 /* Debug */ = {
			isa = XCBuildConfiguration;
			buildSettings = {
				ALWAYS_SEARCH_USER_PATHS = NO;
				CLANG_ANALYZER_NONNULL = YES;
				CLANG_ANALYZER_NUMBER_OBJECT_CONVERSION = YES_AGGRESSIVE;
				CLANG_CXX_LANGUAGE_STANDARD = "gnu++20";
				CLANG_ENABLE_MODULES = YES;
				CLANG_ENABLE_OBJC_ARC = YES;
				CLANG_ENABLE_OBJC_WEAK = YES;
				CLANG_WARN_BLOCK_CAPTURE_AUTORELEASING = YES;
				CLANG_WARN_BOOL_CONVERSION = YES;
				CLANG_WARN_COMMA = YES;
				CLANG_WARN_CONSTANT_CONVERSION = YES;
				CLANG_WARN_DEPRECATED_OBJC_IMPLEMENTATIONS = YES;
				CLANG_WARN_DIRECT_OBJC_ISA_USAGE = YES_ERROR;
				CLANG_WARN_DOCUMENTATION_COMMENTS = YES;
				CLANG_WARN_EMPTY_BODY = YES;
				CLANG_WARN_ENUM_CONVERSION = YES;
				CLANG_WARN_INFINITE_RECURSION = YES;
				CLANG_WARN_INT_CONVERSION = YES;
				CLANG_WARN_NON_LITERAL_NULL_CONVERSION = YES;
				CLANG_WARN_OBJC_IMPLICIT_RETAIN_SELF = YES;
				CLANG_WARN_OBJC_LITERAL_CONVERSION = YES;
				CLANG_WARN_OBJC_ROOT_CLASS = YES_ERROR;
				CLANG_WARN_QUOTED_INCLUDE_IN_FRAMEWORK_HEADER = YES;
				CLANG_WARN_RANGE_LOOP_ANALYSIS = YES;
				CLANG_WARN_STRICT_PROTOTYPES = YES;
				CLANG_WARN_SUSPICIOUS_MOVE = YES;
				CLANG_WARN_UNGUARDED_AVAILABILITY = YES_AGGRESSIVE;
				CLANG_WARN_UNREACHABLE_CODE = YES;
				CLANG_WARN__DUPLICATE_METHOD_MATCH = YES;
				COPY_PHASE_STRIP = NO;
				DEBUG_INFORMATION_FORMAT = dwarf;
				ENABLE_STRICT_OBJC_MSGSEND = YES;
				ENABLE_TESTABILITY = YES;
				GCC_C_LANGUAGE_STANDARD = gnu11;
				GCC_DYNAMIC_NO_PIC = NO;
				GCC_NO_COMMON_BLOCKS = YES;
				GCC_OPTIMIZATION_LEVEL = 0;
				GCC_PREPROCESSOR_DEFINITIONS = (
					"DEBUG=1",
					"$(inherited)",
				);
				GCC_WARN_64_TO_32_BIT_CONVERSION = YES;
				GCC_WARN_ABOUT_RETURN_TYPE = YES_ERROR;
				GCC_WARN_UNDECLARED_SELECTOR = YES;
				GCC_WARN_UNINITIALIZED_AUTOS = YES_AGGRESSIVE;
				GCC_WARN_UNUSED_FUNCTION = YES;
				GCC_WARN_UNUSED_VARIABLE = YES;
				IPHONEOS_DEPLOYMENT_TARGET = 16.4;
				MTL_ENABLE_DEBUG_INFO = INCLUDE_SOURCE;
				MTL_FAST_MATH = YES;
				ONLY_ACTIVE_ARCH = YES;
				SDKROOT = iphoneos;
				SWIFT_ACTIVE_COMPILATION_CONDITIONS = DEBUG;
				SWIFT_OPTIMIZATION_LEVEL = "-Onone";
			};
			name = Debug;
		};
		D55ED2EB2A777DAA00B492E4 /* Release */ = {
			isa = XCBuildConfiguration;
			buildSettings = {
				ALWAYS_SEARCH_USER_PATHS = NO;
				CLANG_ANALYZER_NONNULL = YES;
				CLANG_ANALYZER_NUMBER_OBJECT_CONVERSION = YES_AGGRESSIVE;
				CLANG_CXX_LANGUAGE_STANDARD = "gnu++20";
				CLANG_ENABLE_MODULES = YES;
				CLANG_ENABLE_OBJC_ARC = YES;
				CLANG_ENABLE_OBJC_WEAK = YES;
				CLANG_WARN_BLOCK_CAPTURE_AUTORELEASING = YES;
				CLANG_WARN_BOOL_CONVERSION = YES;
				CLANG_WARN_COMMA = YES;
				CLANG_WARN_CONSTANT_CONVERSION = YES;
				CLANG_WARN_DEPRECATED_OBJC_IMPLEMENTATIONS = YES;
				CLANG_WARN_DIRECT_OBJC_ISA_USAGE = YES_ERROR;
				CLANG_WARN_DOCUMENTATION_COMMENTS = YES;
				CLANG_WARN_EMPTY_BODY = YES;
				CLANG_WARN_ENUM_CONVERSION = YES;
				CLANG_WARN_INFINITE_RECURSION = YES;
				CLANG_WARN_INT_CONVERSION = YES;
				CLANG_WARN_NON_LITERAL_NULL_CONVERSION = YES;
				CLANG_WARN_OBJC_IMPLICIT_RETAIN_SELF = YES;
				CLANG_WARN_OBJC_LITERAL_CONVERSION = YES;
				CLANG_WARN_OBJC_ROOT_CLASS = YES_ERROR;
				CLANG_WARN_QUOTED_INCLUDE_IN_FRAMEWORK_HEADER = YES;
				CLANG_WARN_RANGE_LOOP_ANALYSIS = YES;
				CLANG_WARN_STRICT_PROTOTYPES = YES;
				CLANG_WARN_SUSPICIOUS_MOVE = YES;
				CLANG_WARN_UNGUARDED_AVAILABILITY = YES_AGGRESSIVE;
				CLANG_WARN_UNREACHABLE_CODE = YES;
				CLANG_WARN__DUPLICATE_METHOD_MATCH = YES;
				COPY_PHASE_STRIP = NO;
				DEBUG_INFORMATION_FORMAT = "dwarf-with-dsym";
				ENABLE_NS_ASSERTIONS = NO;
				ENABLE_STRICT_OBJC_MSGSEND = YES;
				GCC_C_LANGUAGE_STANDARD = gnu11;
				GCC_NO_COMMON_BLOCKS = YES;
				GCC_WARN_64_TO_32_BIT_CONVERSION = YES;
				GCC_WARN_ABOUT_RETURN_TYPE = YES_ERROR;
				GCC_WARN_UNDECLARED_SELECTOR = YES;
				GCC_WARN_UNINITIALIZED_AUTOS = YES_AGGRESSIVE;
				GCC_WARN_UNUSED_FUNCTION = YES;
				GCC_WARN_UNUSED_VARIABLE = YES;
				IPHONEOS_DEPLOYMENT_TARGET = 16.4;
				MTL_ENABLE_DEBUG_INFO = NO;
				MTL_FAST_MATH = YES;
				SDKROOT = iphoneos;
				SWIFT_COMPILATION_MODE = wholemodule;
				SWIFT_OPTIMIZATION_LEVEL = "-O";
				VALIDATE_PRODUCT = YES;
			};
			name = Release;
		};
		D55ED2ED2A777DAA00B492E4 /* Debug */ = {
			isa = XCBuildConfiguration;
			buildSettings = {
				ASSETCATALOG_COMPILER_APPICON_NAME = AppIcon;
				ASSETCATALOG_COMPILER_GLOBAL_ACCENT_COLOR_NAME = AccentColor;
				CODE_SIGN_STYLE = Automatic;
				CURRENT_PROJECT_VERSION = 1;
				DEVELOPMENT_TEAM = B2V35TTRCM;
				GENERATE_INFOPLIST_FILE = YES;
				INFOPLIST_FILE = "9 Quizzler/Info.plist";
				INFOPLIST_KEY_UIApplicationSupportsIndirectInputEvents = YES;
				INFOPLIST_KEY_UILaunchStoryboardName = LaunchScreen;
				INFOPLIST_KEY_UIMainStoryboardFile = Main;
				INFOPLIST_KEY_UISupportedInterfaceOrientations_iPad = "UIInterfaceOrientationPortrait UIInterfaceOrientationPortraitUpsideDown UIInterfaceOrientationLandscapeLeft UIInterfaceOrientationLandscapeRight";
				INFOPLIST_KEY_UISupportedInterfaceOrientations_iPhone = "UIInterfaceOrientationPortrait UIInterfaceOrientationLandscapeLeft UIInterfaceOrientationLandscapeRight";
				IPHONEOS_DEPLOYMENT_TARGET = 14.0;
				LD_RUNPATH_SEARCH_PATHS = (
					"$(inherited)",
					"@executable_path/Frameworks",
				);
				MARKETING_VERSION = 1.0;
				PRODUCT_BUNDLE_IDENTIFIER = "s9888556.--Quizzler";
				PRODUCT_NAME = "$(TARGET_NAME)";
				SUPPORTED_PLATFORMS = "iphoneos iphonesimulator";
				SUPPORTS_MACCATALYST = NO;
				SUPPORTS_MAC_DESIGNED_FOR_IPHONE_IPAD = NO;
				SWIFT_EMIT_LOC_STRINGS = YES;
				SWIFT_VERSION = 5.0;
				TARGETED_DEVICE_FAMILY = "1,2";
			};
			name = Debug;
		};
		D55ED2EE2A777DAA00B492E4 /* Release */ = {
			isa = XCBuildConfiguration;
			buildSettings = {
				ASSETCATALOG_COMPILER_APPICON_NAME = AppIcon;
				ASSETCATALOG_COMPILER_GLOBAL_ACCENT_COLOR_NAME = AccentColor;
				CODE_SIGN_STYLE = Automatic;
				CURRENT_PROJECT_VERSION = 1;
				DEVELOPMENT_TEAM = B2V35TTRCM;
				GENERATE_INFOPLIST_FILE = YES;
				INFOPLIST_FILE = "9 Quizzler/Info.plist";
				INFOPLIST_KEY_UIApplicationSupportsIndirectInputEvents = YES;
				INFOPLIST_KEY_UILaunchStoryboardName = LaunchScreen;
				INFOPLIST_KEY_UIMainStoryboardFile = Main;
				INFOPLIST_KEY_UISupportedInterfaceOrientations_iPad = "UIInterfaceOrientationPortrait UIInterfaceOrientationPortraitUpsideDown UIInterfaceOrientationLandscapeLeft UIInterfaceOrientationLandscapeRight";
				INFOPLIST_KEY_UISupportedInterfaceOrientations_iPhone = "UIInterfaceOrientationPortrait UIInterfaceOrientationLandscapeLeft UIInterfaceOrientationLandscapeRight";
				IPHONEOS_DEPLOYMENT_TARGET = 14.0;
				LD_RUNPATH_SEARCH_PATHS = (
					"$(inherited)",
					"@executable_path/Frameworks",
				);
				MARKETING_VERSION = 1.0;
				PRODUCT_BUNDLE_IDENTIFIER = "s9888556.--Quizzler";
				PRODUCT_NAME = "$(TARGET_NAME)";
				SUPPORTED_PLATFORMS = "iphoneos iphonesimulator";
				SUPPORTS_MACCATALYST = NO;
				SUPPORTS_MAC_DESIGNED_FOR_IPHONE_IPAD = NO;
				SWIFT_EMIT_LOC_STRINGS = YES;
				SWIFT_VERSION = 5.0;
				TARGETED_DEVICE_FAMILY = "1,2";
			};
			name = Release;
		};
/* End XCBuildConfiguration section */

/* Begin XCConfigurationList section */
		D55ED2D32A777DA800B492E4 /* Build configuration list for PBXProject "9 Quizzler" */ = {
			isa = XCConfigurationList;
			buildConfigurations = (
				D55ED2EA2A777DAA00B492E4 /* Debug */,
				D55ED2EB2A777DAA00B492E4 /* Release */,
			);
			defaultConfigurationIsVisible = 0;
			defaultConfigurationName = Release;
		};
		D55ED2EC2A777DAA00B492E4 /* Build configuration list for PBXNativeTarget "9 Quizzler" */ = {
			isa = XCConfigurationList;
			buildConfigurations = (
				D55ED2ED2A777DAA00B492E4 /* Debug */,
				D55ED2EE2A777DAA00B492E4 /* Release */,
			);
			defaultConfigurationIsVisible = 0;
			defaultConfigurationName = Release;
		};
/* End XCConfigurationList section */
	};
	rootObject = D55ED2D02A777DA800B492E4 /* Project object */;
}
