// !$*UTF8*$!
{
	archiveVersion = 1;
	classes = {
	};
	objectVersion = 56;
	objects = {

/* Begin PBXBuildFile section */
		D599EE552A7F6E5700F5CF9A /* BMI.swift in Sources */ = {isa = PBXBuildFile; fileRef = D599EE542A7F6E5700F5CF9A /* BMI.swift */; };
		D5D040752A7E86EA00B4E1E3 /* ResultViewController.swift in Sources */ = {isa = PBXBuildFile; fileRef = D5D040742A7E86EA00B4E1E3 /* ResultViewController.swift */; };
		D5D040772A7E942000B4E1E3 /* CalculatorBrain.swift in Sources */ = {isa = PBXBuildFile; fileRef = D5D040762A7E942000B4E1E3 /* CalculatorBrain.swift */; };
		D5EBEF072A7BE50800CB189D /* AppDelegate.swift in Sources */ = {isa = PBXBuildFile; fileRef = D5EBEF062A7BE50800CB189D /* AppDelegate.swift */; };
		D5EBEF092A7BE50800CB189D /* SceneDelegate.swift in Sources */ = {isa = PBXBuildFile; fileRef = D5EBEF082A7BE50800CB189D /* SceneDelegate.swift */; };
		D5EBEF0B2A7BE50800CB189D /* CalculateViewController.swift in Sources */ = {isa = PBXBuildFile; fileRef = D5EBEF0A2A7BE50800CB189D /* CalculateViewController.swift */; };
		D5EBEF0E2A7BE50800CB189D /* Main.storyboard in Resources */ = {isa = PBXBuildFile; fileRef = D5EBEF0C2A7BE50800CB189D /* Main.storyboard */; };
		D5EBEF102A7BE50900CB189D /* Assets.xcassets in Resources */ = {isa = PBXBuildFile; fileRef = D5EBEF0F2A7BE50900CB189D /* Assets.xcassets */; };
		D5EBEF132A7BE50900CB189D /* LaunchScreen.storyboard in Resources */ = {isa = PBXBuildFile; fileRef = D5EBEF112A7BE50900CB189D /* LaunchScreen.storyboard */; };
/* End PBXBuildFile section */

/* Begin PBXFileReference section */
		D599EE542A7F6E5700F5CF9A /* BMI.swift */ = {isa = PBXFileReference; lastKnownFileType = sourcecode.swift; path = BMI.swift; sourceTree = "<group>"; };
		D5D040742A7E86EA00B4E1E3 /* ResultViewController.swift */ = {isa = PBXFileReference; lastKnownFileType = sourcecode.swift; path = ResultViewController.swift; sourceTree = "<group>"; };
		D5D040762A7E942000B4E1E3 /* CalculatorBrain.swift */ = {isa = PBXFileReference; lastKnownFileType = sourcecode.swift; path = CalculatorBrain.swift; sourceTree = "<group>"; };
		D5EBEF032A7BE50800CB189D /* 11 BMI Calculator.app */ = {isa = PBXFileReference; explicitFileType = wrapper.application; includeInIndex = 0; path = "11 BMI Calculator.app"; sourceTree = BUILT_PRODUCTS_DIR; };
		D5EBEF062A7BE50800CB189D /* AppDelegate.swift */ = {isa = PBXFileReference; lastKnownFileType = sourcecode.swift; path = AppDelegate.swift; sourceTree = "<group>"; };
		D5EBEF082A7BE50800CB189D /* SceneDelegate.swift */ = {isa = PBXFileReference; lastKnownFileType = sourcecode.swift; path = SceneDelegate.swift; sourceTree = "<group>"; };
		D5EBEF0A2A7BE50800CB189D /* CalculateViewController.swift */ = {isa = PBXFileReference; lastKnownFileType = sourcecode.swift; path = CalculateViewController.swift; sourceTree = "<group>"; };
		D5EBEF0D2A7BE50800CB189D /* Base */ = {isa = PBXFileReference; lastKnownFileType = file.storyboard; name = Base; path = Base.lproj/Main.storyboard; sourceTree = "<group>"; };
		D5EBEF0F2A7BE50900CB189D /* Assets.xcassets */ = {isa = PBXFileReference; lastKnownFileType = folder.assetcatalog; path = Assets.xcassets; sourceTree = "<group>"; };
		D5EBEF122A7BE50900CB189D /* Base */ = {isa = PBXFileReference; lastKnownFileType = file.storyboard; name = Base; path = Base.lproj/LaunchScreen.storyboard; sourceTree = "<group>"; };
		D5EBEF142A7BE50900CB189D /* Info.plist */ = {isa = PBXFileReference; lastKnownFileType = text.plist.xml; path = Info.plist; sourceTree = "<group>"; };
/* End PBXFileReference section */

/* Begin PBXFrameworksBuildPhase section */
		D5EBEF002A7BE50800CB189D /* Frameworks */ = {
			isa = PBXFrameworksBuildPhase;
			buildActionMask = 2147483647;
			files = (
			);
			runOnlyForDeploymentPostprocessing = 0;
		};
/* End PBXFrameworksBuildPhase section */

/* Begin PBXGroup section */
		D5D040782A7E942A00B4E1E3 /* Models */ = {
			isa = PBXGroup;
			children = (
				D5D040762A7E942000B4E1E3 /* CalculatorBrain.swift */,
				D599EE542A7F6E5700F5CF9A /* BMI.swift */,
			);
			path = Models;
			sourceTree = "<group>";
		};
		D5EBEEFA2A7BE50800CB189D = {
			isa = PBXGroup;
			children = (
				D5EBEF052A7BE50800CB189D /* 11 BMI Calculator */,
				D5EBEF042A7BE50800CB189D /* Products */,
			);
			sourceTree = "<group>";
		};
		D5EBEF042A7BE50800CB189D /* Products */ = {
			isa = PBXGroup;
			children = (
				D5EBEF032A7BE50800CB189D /* 11 BMI Calculator.app */,
			);
			name = Products;
			sourceTree = "<group>";
		};
		D5EBEF052A7BE50800CB189D /* 11 BMI Calculator */ = {
			isa = PBXGroup;
			children = (
				D5EBEF062A7BE50800CB189D /* AppDelegate.swift */,
				D5EBEF082A7BE50800CB189D /* SceneDelegate.swift */,
				D5D040782A7E942A00B4E1E3 /* Models */,
				D5EBEF1A2A7BEC1300CB189D /* Views */,
				D5EBEF1B2A7BEC2C00CB189D /* Controllers */,
				D5EBEF0F2A7BE50900CB189D /* Assets.xcassets */,
				D5EBEF112A7BE50900CB189D /* LaunchScreen.storyboard */,
				D5EBEF142A7BE50900CB189D /* Info.plist */,
			);
			path = "11 BMI Calculator";
			sourceTree = "<group>";
		};
		D5EBEF1A2A7BEC1300CB189D /* Views */ = {
			isa = PBXGroup;
			children = (
				D5EBEF0C2A7BE50800CB189D /* Main.storyboard */,
			);
			path = Views;
			sourceTree = "<group>";
		};
		D5EBEF1B2A7BEC2C00CB189D /* Controllers */ = {
			isa = PBXGroup;
			children = (
				D5EBEF0A2A7BE50800CB189D /* CalculateViewController.swift */,
				D5D040742A7E86EA00B4E1E3 /* ResultViewController.swift */,
			);
			path = Controllers;
			sourceTree = "<group>";
		};
/* End PBXGroup section */

/* Begin PBXNativeTarget section */
		D5EBEF022A7BE50800CB189D /* 11 BMI Calculator */ = {
			isa = PBXNativeTarget;
			buildConfigurationList = D5EBEF172A7BE50900CB189D /* Build configuration list for PBXNativeTarget "11 BMI Calculator" */;
			buildPhases = (
				D5EBEEFF2A7BE50800CB189D /* Sources */,
				D5EBEF002A7BE50800CB189D /* Frameworks */,
				D5EBEF012A7BE50800CB189D /* Resources */,
			);
			buildRules = (
			);
			dependencies = (
			);
			name = "11 BMI Calculator";
			productName = "11 BMI Calculator";
			productReference = D5EBEF032A7BE50800CB189D /* 11 BMI Calculator.app */;
			productType = "com.apple.product-type.application";
		};
/* End PBXNativeTarget section */

/* Begin PBXProject section */
		D5EBEEFB2A7BE50800CB189D /* Project object */ = {
			isa = PBXProject;
			attributes = {
				BuildIndependentTargetsInParallel = 1;
				LastSwiftUpdateCheck = 1430;
				LastUpgradeCheck = 1430;
				TargetAttributes = {
					D5EBEF022A7BE50800CB189D = {
						CreatedOnToolsVersion = 14.3.1;
					};
				};
			};
			buildConfigurationList = D5EBEEFE2A7BE50800CB189D /* Build configuration list for PBXProject "11 BMI Calculator" */;
			compatibilityVersion = "Xcode 14.0";
			developmentRegion = en;
			hasScannedForEncodings = 0;
			knownRegions = (
				en,
				Base,
			);
			mainGroup = D5EBEEFA2A7BE50800CB189D;
			productRefGroup = D5EBEF042A7BE50800CB189D /* Products */;
			projectDirPath = "";
			projectRoot = "";
			targets = (
				D5EBEF022A7BE50800CB189D /* 11 BMI Calculator */,
			);
		};
/* End PBXProject section */

/* Begin PBXResourcesBuildPhase section */
		D5EBEF012A7BE50800CB189D /* Resources */ = {
			isa = PBXResourcesBuildPhase;
			buildActionMask = 2147483647;
			files = (
				D5EBEF132A7BE50900CB189D /* LaunchScreen.storyboard in Resources */,
				D5EBEF102A7BE50900CB189D /* Assets.xcassets in Resources */,
				D5EBEF0E2A7BE50800CB189D /* Main.storyboard in Resources */,
			);
			runOnlyForDeploymentPostprocessing = 0;
		};
/* End PBXResourcesBuildPhase section */

/* Begin PBXSourcesBuildPhase section */
		D5EBEEFF2A7BE50800CB189D /* Sources */ = {
			isa = PBXSourcesBuildPhase;
			buildActionMask = 2147483647;
			files = (
				D5EBEF0B2A7BE50800CB189D /* CalculateViewController.swift in Sources */,
				D5EBEF072A7BE50800CB189D /* AppDelegate.swift in Sources */,
				D5EBEF092A7BE50800CB189D /* SceneDelegate.swift in Sources */,
				D5D040772A7E942000B4E1E3 /* CalculatorBrain.swift in Sources */,
				D599EE552A7F6E5700F5CF9A /* BMI.swift in Sources */,
				D5D040752A7E86EA00B4E1E3 /* ResultViewController.swift in Sources */,
			);
			runOnlyForDeploymentPostprocessing = 0;
		};
/* End PBXSourcesBuildPhase section */

/* Begin PBXVariantGroup section */
		D5EBEF0C2A7BE50800CB189D /* Main.storyboard */ = {
			isa = PBXVariantGroup;
			children = (
				D5EBEF0D2A7BE50800CB189D /* Base */,
			);
			name = Main.storyboard;
			sourceTree = "<group>";
		};
		D5EBEF112A7BE50900CB189D /* LaunchScreen.storyboard */ = {
			isa = PBXVariantGroup;
			children = (
				D5EBEF122A7BE50900CB189D /* Base */,
			);
			name = LaunchScreen.storyboard;
			sourceTree = "<group>";
		};
/* End PBXVariantGroup section */

/* Begin XCBuildConfiguration section */
		D5EBEF152A7BE50900CB189D /* Debug */ = {
			isa = XCBuildConfiguration;
			buildSettings = {
				ALWAYS_SEARCH_USER_PATHS = NO;
				CLANG_ANALYZER_NONNULL = YES;
				CLANG_ANALYZER_NUMBER_OBJECT_CONVERSION = YES_AGGRESSIVE;
				CLANG_CXX_LANGUAGE_STANDARD = "gnu++20";
				CLANG_ENABLE_MODULES = YES;
				CLANG_ENABLE_OBJC_ARC = YES;
				CLANG_ENABLE_OBJC_WEAK = YES;
				CLANG_WARN_BLOCK_CAPTURE_AUTORELEASING = YES;
				CLANG_WARN_BOOL_CONVERSION = YES;
				CLANG_WARN_COMMA = YES;
				CLANG_WARN_CONSTANT_CONVERSION = YES;
				CLANG_WARN_DEPRECATED_OBJC_IMPLEMENTATIONS = YES;
				CLANG_WARN_DIRECT_OBJC_ISA_USAGE = YES_ERROR;
				CLANG_WARN_DOCUMENTATION_COMMENTS = YES;
				CLANG_WARN_EMPTY_BODY = YES;
				CLANG_WARN_ENUM_CONVERSION = YES;
				CLANG_WARN_INFINITE_RECURSION = YES;
				CLANG_WARN_INT_CONVERSION = YES;
				CLANG_WARN_NON_LITERAL_NULL_CONVERSION = YES;
				CLANG_WARN_OBJC_IMPLICIT_RETAIN_SELF = YES;
				CLANG_WARN_OBJC_LITERAL_CONVERSION = YES;
				CLANG_WARN_OBJC_ROOT_CLASS = YES_ERROR;
				CLANG_WARN_QUOTED_INCLUDE_IN_FRAMEWORK_HEADER = YES;
				CLANG_WARN_RANGE_LOOP_ANALYSIS = YES;
				CLANG_WARN_STRICT_PROTOTYPES = YES;
				CLANG_WARN_SUSPICIOUS_MOVE = YES;
				CLANG_WARN_UNGUARDED_AVAILABILITY = YES_AGGRESSIVE;
				CLANG_WARN_UNREACHABLE_CODE = YES;
				CLANG_WARN__DUPLICATE_METHOD_MATCH = YES;
				COPY_PHASE_STRIP = NO;
				DEBUG_INFORMATION_FORMAT = dwarf;
				ENABLE_STRICT_OBJC_MSGSEND = YES;
				ENABLE_TESTABILITY = YES;
				GCC_C_LANGUAGE_STANDARD = gnu11;
				GCC_DYNAMIC_NO_PIC = NO;
				GCC_NO_COMMON_BLOCKS = YES;
				GCC_OPTIMIZATION_LEVEL = 0;
				GCC_PREPROCESSOR_DEFINITIONS = (
					"DEBUG=1",
					"$(inherited)",
				);
				GCC_WARN_64_TO_32_BIT_CONVERSION = YES;
				GCC_WARN_ABOUT_RETURN_TYPE = YES_ERROR;
				GCC_WARN_UNDECLARED_SELECTOR = YES;
				GCC_WARN_UNINITIALIZED_AUTOS = YES_AGGRESSIVE;
				GCC_WARN_UNUSED_FUNCTION = YES;
				GCC_WARN_UNUSED_VARIABLE = YES;
				IPHONEOS_DEPLOYMENT_TARGET = 16.4;
				MTL_ENABLE_DEBUG_INFO = INCLUDE_SOURCE;
				MTL_FAST_MATH = YES;
				ONLY_ACTIVE_ARCH = YES;
				SDKROOT = iphoneos;
				SWIFT_ACTIVE_COMPILATION_CONDITIONS = DEBUG;
				SWIFT_OPTIMIZATION_LEVEL = "-Onone";
			};
			name = Debug;
		};
		D5EBEF162A7BE50900CB189D /* Release */ = {
			isa = XCBuildConfiguration;
			buildSettings = {
				ALWAYS_SEARCH_USER_PATHS = NO;
				CLANG_ANALYZER_NONNULL = YES;
				CLANG_ANALYZER_NUMBER_OBJECT_CONVERSION = YES_AGGRESSIVE;
				CLANG_CXX_LANGUAGE_STANDARD = "gnu++20";
				CLANG_ENABLE_MODULES = YES;
				CLANG_ENABLE_OBJC_ARC = YES;
				CLANG_ENABLE_OBJC_WEAK = YES;
				CLANG_WARN_BLOCK_CAPTURE_AUTORELEASING = YES;
				CLANG_WARN_BOOL_CONVERSION = YES;
				CLANG_WARN_COMMA = YES;
				CLANG_WARN_CONSTANT_CONVERSION = YES;
				CLANG_WARN_DEPRECATED_OBJC_IMPLEMENTATIONS = YES;
				CLANG_WARN_DIRECT_OBJC_ISA_USAGE = YES_ERROR;
				CLANG_WARN_DOCUMENTATION_COMMENTS = YES;
				CLANG_WARN_EMPTY_BODY = YES;
				CLANG_WARN_ENUM_CONVERSION = YES;
				CLANG_WARN_INFINITE_RECURSION = YES;
				CLANG_WARN_INT_CONVERSION = YES;
				CLANG_WARN_NON_LITERAL_NULL_CONVERSION = YES;
				CLANG_WARN_OBJC_IMPLICIT_RETAIN_SELF = YES;
				CLANG_WARN_OBJC_LITERAL_CONVERSION = YES;
				CLANG_WARN_OBJC_ROOT_CLASS = YES_ERROR;
				CLANG_WARN_QUOTED_INCLUDE_IN_FRAMEWORK_HEADER = YES;
				CLANG_WARN_RANGE_LOOP_ANALYSIS = YES;
				CLANG_WARN_STRICT_PROTOTYPES = YES;
				CLANG_WARN_SUSPICIOUS_MOVE = YES;
				CLANG_WARN_UNGUARDED_AVAILABILITY = YES_AGGRESSIVE;
				CLANG_WARN_UNREACHABLE_CODE = YES;
				CLANG_WARN__DUPLICATE_METHOD_MATCH = YES;
				COPY_PHASE_STRIP = NO;
				DEBUG_INFORMATION_FORMAT = "dwarf-with-dsym";
				ENABLE_NS_ASSERTIONS = NO;
				ENABLE_STRICT_OBJC_MSGSEND = YES;
				GCC_C_LANGUAGE_STANDARD = gnu11;
				GCC_NO_COMMON_BLOCKS = YES;
				GCC_WARN_64_TO_32_BIT_CONVERSION = YES;
				GCC_WARN_ABOUT_RETURN_TYPE = YES_ERROR;
				GCC_WARN_UNDECLARED_SELECTOR = YES;
				GCC_WARN_UNINITIALIZED_AUTOS = YES_AGGRESSIVE;
				GCC_WARN_UNUSED_FUNCTION = YES;
				GCC_WARN_UNUSED_VARIABLE = YES;
				IPHONEOS_DEPLOYMENT_TARGET = 16.4;
				MTL_ENABLE_DEBUG_INFO = NO;
				MTL_FAST_MATH = YES;
				SDKROOT = iphoneos;
				SWIFT_COMPILATION_MODE = wholemodule;
				SWIFT_OPTIMIZATION_LEVEL = "-O";
				VALIDATE_PRODUCT = YES;
			};
			name = Release;
		};
		D5EBEF182A7BE50900CB189D /* Debug */ = {
			isa = XCBuildConfiguration;
			buildSettings = {
				ASSETCATALOG_COMPILER_APPICON_NAME = AppIcon;
				ASSETCATALOG_COMPILER_GLOBAL_ACCENT_COLOR_NAME = AccentColor;
				CODE_SIGN_STYLE = Automatic;
				CURRENT_PROJECT_VERSION = 1;
				DEVELOPMENT_TEAM = B2V35TTRCM;
				GENERATE_INFOPLIST_FILE = YES;
				INFOPLIST_FILE = "11 BMI Calculator/Info.plist";
				INFOPLIST_KEY_UIApplicationSupportsIndirectInputEvents = YES;
				INFOPLIST_KEY_UILaunchStoryboardName = LaunchScreen;
				INFOPLIST_KEY_UIMainStoryboardFile = Main;
				INFOPLIST_KEY_UISupportedInterfaceOrientations_iPad = "UIInterfaceOrientationPortrait UIInterfaceOrientationPortraitUpsideDown UIInterfaceOrientationLandscapeLeft UIInterfaceOrientationLandscapeRight";
				INFOPLIST_KEY_UISupportedInterfaceOrientations_iPhone = "UIInterfaceOrientationPortrait UIInterfaceOrientationLandscapeLeft UIInterfaceOrientationLandscapeRight";
				IPHONEOS_DEPLOYMENT_TARGET = 14.0;
				LD_RUNPATH_SEARCH_PATHS = (
					"$(inherited)",
					"@executable_path/Frameworks",
				);
				MARKETING_VERSION = 1.0;
				PRODUCT_BUNDLE_IDENTIFIER = "s9888556.-1-BMI-Calculator";
				PRODUCT_NAME = "$(TARGET_NAME)";
				SWIFT_EMIT_LOC_STRINGS = YES;
				SWIFT_VERSION = 5.0;
				TARGETED_DEVICE_FAMILY = "1,2";
			};
			name = Debug;
		};
		D5EBEF192A7BE50900CB189D /* Release */ = {
			isa = XCBuildConfiguration;
			buildSettings = {
				ASSETCATALOG_COMPILER_APPICON_NAME = AppIcon;
				ASSETCATALOG_COMPILER_GLOBAL_ACCENT_COLOR_NAME = AccentColor;
				CODE_SIGN_STYLE = Automatic;
				CURRENT_PROJECT_VERSION = 1;
				DEVELOPMENT_TEAM = B2V35TTRCM;
				GENERATE_INFOPLIST_FILE = YES;
				INFOPLIST_FILE = "11 BMI Calculator/Info.plist";
				INFOPLIST_KEY_UIApplicationSupportsIndirectInputEvents = YES;
				INFOPLIST_KEY_UILaunchStoryboardName = LaunchScreen;
				INFOPLIST_KEY_UIMainStoryboardFile = Main;
				INFOPLIST_KEY_UISupportedInterfaceOrientations_iPad = "UIInterfaceOrientationPortrait UIInterfaceOrientationPortraitUpsideDown UIInterfaceOrientationLandscapeLeft UIInterfaceOrientationLandscapeRight";
				INFOPLIST_KEY_UISupportedInterfaceOrientations_iPhone = "UIInterfaceOrientationPortrait UIInterfaceOrientationLandscapeLeft UIInterfaceOrientationLandscapeRight";
				IPHONEOS_DEPLOYMENT_TARGET = 14.0;
				LD_RUNPATH_SEARCH_PATHS = (
					"$(inherited)",
					"@executable_path/Frameworks",
				);
				MARKETING_VERSION = 1.0;
				PRODUCT_BUNDLE_IDENTIFIER = "s9888556.-1-BMI-Calculator";
				PRODUCT_NAME = "$(TARGET_NAME)";
				SWIFT_EMIT_LOC_STRINGS = YES;
				SWIFT_VERSION = 5.0;
				TARGETED_DEVICE_FAMILY = "1,2";
			};
			name = Release;
		};
/* End XCBuildConfiguration section */

/* Begin XCConfigurationList section */
		D5EBEEFE2A7BE50800CB189D /* Build configuration list for PBXProject "11 BMI Calculator" */ = {
			isa = XCConfigurationList;
			buildConfigurations = (
				D5EBEF152A7BE50900CB189D /* Debug */,
				D5EBEF162A7BE50900CB189D /* Release */,
			);
			defaultConfigurationIsVisible = 0;
			defaultConfigurationName = Release;
		};
		D5EBEF172A7BE50900CB189D /* Build configuration list for PBXNativeTarget "11 BMI Calculator" */ = {
			isa = XCConfigurationList;
			buildConfigurations = (
				D5EBEF182A7BE50900CB189D /* Debug */,
				D5EBEF192A7BE50900CB189D /* Release */,
			);
			defaultConfigurationIsVisible = 0;
			defaultConfigurationName = Release;
		};
/* End XCConfigurationList section */
	};
	rootObject = D5EBEEFB2A7BE50800CB189D /* Project object */;
}
