// !$*UTF8*$!
{
	archiveVersion = 1;
	classes = {
	};
	objectVersion = 56;
	objects = {

/* Begin PBXBuildFile section */
		D54EEE1C2A7A8A4C006E370C /* AppDelegate.swift in Sources */ = {isa = PBXBuildFile; fileRef = D54EEE1B2A7A8A4C006E370C /* AppDelegate.swift */; };
		D54EEE1E2A7A8A4C006E370C /* SceneDelegate.swift in Sources */ = {isa = PBXBuildFile; fileRef = D54EEE1D2A7A8A4C006E370C /* SceneDelegate.swift */; };
		D54EEE202A7A8A4C006E370C /* ViewController.swift in Sources */ = {isa = PBXBuildFile; fileRef = D54EEE1F2A7A8A4C006E370C /* ViewController.swift */; };
		D54EEE232A7A8A4C006E370C /* Main.storyboard in Resources */ = {isa = PBXBuildFile; fileRef = D54EEE212A7A8A4C006E370C /* Main.storyboard */; };
		D54EEE252A7A8A4D006E370C /* Assets.xcassets in Resources */ = {isa = PBXBuildFile; fileRef = D54EEE242A7A8A4D006E370C /* Assets.xcassets */; };
		D54EEE282A7A8A4D006E370C /* LaunchScreen.storyboard in Resources */ = {isa = PBXBuildFile; fileRef = D54EEE262A7A8A4D006E370C /* LaunchScreen.storyboard */; };
		D54EEE322A7A8AAB006E370C /* Story.swift in Sources */ = {isa = PBXBuildFile; fileRef = D54EEE312A7A8AAB006E370C /* Story.swift */; };
		D54EEE352A7A8ACE006E370C /* StoryBrain.swift in Sources */ = {isa = PBXBuildFile; fileRef = D54EEE342A7A8ACE006E370C /* StoryBrain.swift */; };
/* End PBXBuildFile section */

/* Begin PBXFileReference section */
		D54EEE182A7A8A4C006E370C /* 10 Destini.app */ = {isa = PBXFileReference; explicitFileType = wrapper.application; includeInIndex = 0; path = "10 Destini.app"; sourceTree = BUILT_PRODUCTS_DIR; };
		D54EEE1B2A7A8A4C006E370C /* AppDelegate.swift */ = {isa = PBXFileReference; lastKnownFileType = sourcecode.swift; path = AppDelegate.swift; sourceTree = "<group>"; };
		D54EEE1D2A7A8A4C006E370C /* SceneDelegate.swift */ = {isa = PBXFileReference; lastKnownFileType = sourcecode.swift; path = SceneDelegate.swift; sourceTree = "<group>"; };
		D54EEE1F2A7A8A4C006E370C /* ViewController.swift */ = {isa = PBXFileReference; lastKnownFileType = sourcecode.swift; path = ViewController.swift; sourceTree = "<group>"; };
		D54EEE222A7A8A4C006E370C /* Base */ = {isa = PBXFileReference; lastKnownFileType = file.storyboard; name = Base; path = Base.lproj/Main.storyboard; sourceTree = "<group>"; };
		D54EEE242A7A8A4D006E370C /* Assets.xcassets */ = {isa = PBXFileReference; lastKnownFileType = folder.assetcatalog; path = Assets.xcassets; sourceTree = "<group>"; };
		D54EEE272A7A8A4D006E370C /* Base */ = {isa = PBXFileReference; lastKnownFileType = file.storyboard; name = Base; path = Base.lproj/LaunchScreen.storyboard; sourceTree = "<group>"; };
		D54EEE292A7A8A4D006E370C /* Info.plist */ = {isa = PBXFileReference; lastKnownFileType = text.plist.xml; path = Info.plist; sourceTree = "<group>"; };
		D54EEE312A7A8AAB006E370C /* Story.swift */ = {isa = PBXFileReference; lastKnownFileType = sourcecode.swift; path = Story.swift; sourceTree = "<group>"; };
		D54EEE342A7A8ACE006E370C /* StoryBrain.swift */ = {isa = PBXFileReference; lastKnownFileType = sourcecode.swift; path = StoryBrain.swift; sourceTree = "<group>"; };
/* End PBXFileReference section */

/* Begin PBXFrameworksBuildPhase section */
		D54EEE152A7A8A4C006E370C /* Frameworks */ = {
			isa = PBXFrameworksBuildPhase;
			buildActionMask = 2147483647;
			files = (
			);
			runOnlyForDeploymentPostprocessing = 0;
		};
/* End PBXFrameworksBuildPhase section */

/* Begin PBXGroup section */
		D54EEE0F2A7A8A4C006E370C = {
			isa = PBXGroup;
			children = (
				D54EEE1A2A7A8A4C006E370C /* 10 Destini */,
				D54EEE192A7A8A4C006E370C /* Products */,
			);
			sourceTree = "<group>";
		};
		D54EEE192A7A8A4C006E370C /* Products */ = {
			isa = PBXGroup;
			children = (
				D54EEE182A7A8A4C006E370C /* 10 Destini.app */,
			);
			name = Products;
			sourceTree = "<group>";
		};
		D54EEE1A2A7A8A4C006E370C /* 10 Destini */ = {
			isa = PBXGroup;
			children = (
				D54EEE1B2A7A8A4C006E370C /* AppDelegate.swift */,
				D54EEE1D2A7A8A4C006E370C /* SceneDelegate.swift */,
				D54EEE332A7A8AB0006E370C /* Model */,
				D54EEE2F2A7A8A79006E370C /* View */,
				D54EEE302A7A8A84006E370C /* Controller */,
				D54EEE242A7A8A4D006E370C /* Assets.xcassets */,
				D54EEE262A7A8A4D006E370C /* LaunchScreen.storyboard */,
				D54EEE292A7A8A4D006E370C /* Info.plist */,
			);
			path = "10 Destini";
			sourceTree = "<group>";
		};
		D54EEE2F2A7A8A79006E370C /* View */ = {
			isa = PBXGroup;
			children = (
				D54EEE212A7A8A4C006E370C /* Main.storyboard */,
			);
			path = View;
			sourceTree = "<group>";
		};
		D54EEE302A7A8A84006E370C /* Controller */ = {
			isa = PBXGroup;
			children = (
				D54EEE1F2A7A8A4C006E370C /* ViewController.swift */,
			);
			path = Controller;
			sourceTree = "<group>";
		};
		D54EEE332A7A8AB0006E370C /* Model */ = {
			isa = PBXGroup;
			children = (
				D54EEE312A7A8AAB006E370C /* Story.swift */,
				D54EEE342A7A8ACE006E370C /* StoryBrain.swift */,
			);
			path = Model;
			sourceTree = "<group>";
		};
/* End PBXGroup section */

/* Begin PBXNativeTarget section */
		D54EEE172A7A8A4C006E370C /* 10 Destini */ = {
			isa = PBXNativeTarget;
			buildConfigurationList = D54EEE2C2A7A8A4D006E370C /* Build configuration list for PBXNativeTarget "10 Destini" */;
			buildPhases = (
				D54EEE142A7A8A4C006E370C /* Sources */,
				D54EEE152A7A8A4C006E370C /* Frameworks */,
				D54EEE162A7A8A4C006E370C /* Resources */,
			);
			buildRules = (
			);
			dependencies = (
			);
			name = "10 Destini";
			productName = "10 Destini";
			productReference = D54EEE182A7A8A4C006E370C /* 10 Destini.app */;
			productType = "com.apple.product-type.application";
		};
/* End PBXNativeTarget section */

/* Begin PBXProject section */
		D54EEE102A7A8A4C006E370C /* Project object */ = {
			isa = PBXProject;
			attributes = {
				BuildIndependentTargetsInParallel = 1;
				LastSwiftUpdateCheck = 1430;
				LastUpgradeCheck = 1430;
				TargetAttributes = {
					D54EEE172A7A8A4C006E370C = {
						CreatedOnToolsVersion = 14.3.1;
					};
				};
			};
			buildConfigurationList = D54EEE132A7A8A4C006E370C /* Build configuration list for PBXProject "10 Destini" */;
			compatibilityVersion = "Xcode 14.0";
			developmentRegion = en;
			hasScannedForEncodings = 0;
			knownRegions = (
				en,
				Base,
			);
			mainGroup = D54EEE0F2A7A8A4C006E370C;
			productRefGroup = D54EEE192A7A8A4C006E370C /* Products */;
			projectDirPath = "";
			projectRoot = "";
			targets = (
				D54EEE172A7A8A4C006E370C /* 10 Destini */,
			);
		};
/* End PBXProject section */

/* Begin PBXResourcesBuildPhase section */
		D54EEE162A7A8A4C006E370C /* Resources */ = {
			isa = PBXResourcesBuildPhase;
			buildActionMask = 2147483647;
			files = (
				D54EEE282A7A8A4D006E370C /* LaunchScreen.storyboard in Resources */,
				D54EEE252A7A8A4D006E370C /* Assets.xcassets in Resources */,
				D54EEE232A7A8A4C006E370C /* Main.storyboard in Resources */,
			);
			runOnlyForDeploymentPostprocessing = 0;
		};
/* End PBXResourcesBuildPhase section */

/* Begin PBXSourcesBuildPhase section */
		D54EEE142A7A8A4C006E370C /* Sources */ = {
			isa = PBXSourcesBuildPhase;
			buildActionMask = 2147483647;
			files = (
				D54EEE352A7A8ACE006E370C /* StoryBrain.swift in Sources */,
				D54EEE202A7A8A4C006E370C /* ViewController.swift in Sources */,
				D54EEE1C2A7A8A4C006E370C /* AppDelegate.swift in Sources */,
				D54EEE1E2A7A8A4C006E370C /* SceneDelegate.swift in Sources */,
				D54EEE322A7A8AAB006E370C /* Story.swift in Sources */,
			);
			runOnlyForDeploymentPostprocessing = 0;
		};
/* End PBXSourcesBuildPhase section */

/* Begin PBXVariantGroup section */
		D54EEE212A7A8A4C006E370C /* Main.storyboard */ = {
			isa = PBXVariantGroup;
			children = (
				D54EEE222A7A8A4C006E370C /* Base */,
			);
			name = Main.storyboard;
			sourceTree = "<group>";
		};
		D54EEE262A7A8A4D006E370C /* LaunchScreen.storyboard */ = {
			isa = PBXVariantGroup;
			children = (
				D54EEE272A7A8A4D006E370C /* Base */,
			);
			name = LaunchScreen.storyboard;
			sourceTree = "<group>";
		};
/* End PBXVariantGroup section */

/* Begin XCBuildConfiguration section */
		D54EEE2A2A7A8A4D006E370C /* Debug */ = {
			isa = XCBuildConfiguration;
			buildSettings = {
				ALWAYS_SEARCH_USER_PATHS = NO;
				CLANG_ANALYZER_NONNULL = YES;
				CLANG_ANALYZER_NUMBER_OBJECT_CONVERSION = YES_AGGRESSIVE;
				CLANG_CXX_LANGUAGE_STANDARD = "gnu++20";
				CLANG_ENABLE_MODULES = YES;
				CLANG_ENABLE_OBJC_ARC = YES;
				CLANG_ENABLE_OBJC_WEAK = YES;
				CLANG_WARN_BLOCK_CAPTURE_AUTORELEASING = YES;
				CLANG_WARN_BOOL_CONVERSION = YES;
				CLANG_WARN_COMMA = YES;
				CLANG_WARN_CONSTANT_CONVERSION = YES;
				CLANG_WARN_DEPRECATED_OBJC_IMPLEMENTATIONS = YES;
				CLANG_WARN_DIRECT_OBJC_ISA_USAGE = YES_ERROR;
				CLANG_WARN_DOCUMENTATION_COMMENTS = YES;
				CLANG_WARN_EMPTY_BODY = YES;
				CLANG_WARN_ENUM_CONVERSION = YES;
				CLANG_WARN_INFINITE_RECURSION = YES;
				CLANG_WARN_INT_CONVERSION = YES;
				CLANG_WARN_NON_LITERAL_NULL_CONVERSION = YES;
				CLANG_WARN_OBJC_IMPLICIT_RETAIN_SELF = YES;
				CLANG_WARN_OBJC_LITERAL_CONVERSION = YES;
				CLANG_WARN_OBJC_ROOT_CLASS = YES_ERROR;
				CLANG_WARN_QUOTED_INCLUDE_IN_FRAMEWORK_HEADER = YES;
				CLANG_WARN_RANGE_LOOP_ANALYSIS = YES;
				CLANG_WARN_STRICT_PROTOTYPES = YES;
				CLANG_WARN_SUSPICIOUS_MOVE = YES;
				CLANG_WARN_UNGUARDED_AVAILABILITY = YES_AGGRESSIVE;
				CLANG_WARN_UNREACHABLE_CODE = YES;
				CLANG_WARN__DUPLICATE_METHOD_MATCH = YES;
				COPY_PHASE_STRIP = NO;
				DEBUG_INFORMATION_FORMAT = dwarf;
				ENABLE_STRICT_OBJC_MSGSEND = YES;
				ENABLE_TESTABILITY = YES;
				GCC_C_LANGUAGE_STANDARD = gnu11;
				GCC_DYNAMIC_NO_PIC = NO;
				GCC_NO_COMMON_BLOCKS = YES;
				GCC_OPTIMIZATION_LEVEL = 0;
				GCC_PREPROCESSOR_DEFINITIONS = (
					"DEBUG=1",
					"$(inherited)",
				);
				GCC_WARN_64_TO_32_BIT_CONVERSION = YES;
				GCC_WARN_ABOUT_RETURN_TYPE = YES_ERROR;
				GCC_WARN_UNDECLARED_SELECTOR = YES;
				GCC_WARN_UNINITIALIZED_AUTOS = YES_AGGRESSIVE;
				GCC_WARN_UNUSED_FUNCTION = YES;
				GCC_WARN_UNUSED_VARIABLE = YES;
				IPHONEOS_DEPLOYMENT_TARGET = 16.4;
				MTL_ENABLE_DEBUG_INFO = INCLUDE_SOURCE;
				MTL_FAST_MATH = YES;
				ONLY_ACTIVE_ARCH = YES;
				SDKROOT = iphoneos;
				SWIFT_ACTIVE_COMPILATION_CONDITIONS = DEBUG;
				SWIFT_OPTIMIZATION_LEVEL = "-Onone";
			};
			name = Debug;
		};
		D54EEE2B2A7A8A4D006E370C /* Release */ = {
			isa = XCBuildConfiguration;
			buildSettings = {
				ALWAYS_SEARCH_USER_PATHS = NO;
				CLANG_ANALYZER_NONNULL = YES;
				CLANG_ANALYZER_NUMBER_OBJECT_CONVERSION = YES_AGGRESSIVE;
				CLANG_CXX_LANGUAGE_STANDARD = "gnu++20";
				CLANG_ENABLE_MODULES = YES;
				CLANG_ENABLE_OBJC_ARC = YES;
				CLANG_ENABLE_OBJC_WEAK = YES;
				CLANG_WARN_BLOCK_CAPTURE_AUTORELEASING = YES;
				CLANG_WARN_BOOL_CONVERSION = YES;
				CLANG_WARN_COMMA = YES;
				CLANG_WARN_CONSTANT_CONVERSION = YES;
				CLANG_WARN_DEPRECATED_OBJC_IMPLEMENTATIONS = YES;
				CLANG_WARN_DIRECT_OBJC_ISA_USAGE = YES_ERROR;
				CLANG_WARN_DOCUMENTATION_COMMENTS = YES;
				CLANG_WARN_EMPTY_BODY = YES;
				CLANG_WARN_ENUM_CONVERSION = YES;
				CLANG_WARN_INFINITE_RECURSION = YES;
				CLANG_WARN_INT_CONVERSION = YES;
				CLANG_WARN_NON_LITERAL_NULL_CONVERSION = YES;
				CLANG_WARN_OBJC_IMPLICIT_RETAIN_SELF = YES;
				CLANG_WARN_OBJC_LITERAL_CONVERSION = YES;
				CLANG_WARN_OBJC_ROOT_CLASS = YES_ERROR;
				CLANG_WARN_QUOTED_INCLUDE_IN_FRAMEWORK_HEADER = YES;
				CLANG_WARN_RANGE_LOOP_ANALYSIS = YES;
				CLANG_WARN_STRICT_PROTOTYPES = YES;
				CLANG_WARN_SUSPICIOUS_MOVE = YES;
				CLANG_WARN_UNGUARDED_AVAILABILITY = YES_AGGRESSIVE;
				CLANG_WARN_UNREACHABLE_CODE = YES;
				CLANG_WARN__DUPLICATE_METHOD_MATCH = YES;
				COPY_PHASE_STRIP = NO;
				DEBUG_INFORMATION_FORMAT = "dwarf-with-dsym";
				ENABLE_NS_ASSERTIONS = NO;
				ENABLE_STRICT_OBJC_MSGSEND = YES;
				GCC_C_LANGUAGE_STANDARD = gnu11;
				GCC_NO_COMMON_BLOCKS = YES;
				GCC_WARN_64_TO_32_BIT_CONVERSION = YES;
				GCC_WARN_ABOUT_RETURN_TYPE = YES_ERROR;
				GCC_WARN_UNDECLARED_SELECTOR = YES;
				GCC_WARN_UNINITIALIZED_AUTOS = YES_AGGRESSIVE;
				GCC_WARN_UNUSED_FUNCTION = YES;
				GCC_WARN_UNUSED_VARIABLE = YES;
				IPHONEOS_DEPLOYMENT_TARGET = 16.4;
				MTL_ENABLE_DEBUG_INFO = NO;
				MTL_FAST_MATH = YES;
				SDKROOT = iphoneos;
				SWIFT_COMPILATION_MODE = wholemodule;
				SWIFT_OPTIMIZATION_LEVEL = "-O";
				VALIDATE_PRODUCT = YES;
			};
			name = Release;
		};
		D54EEE2D2A7A8A4D006E370C /* Debug */ = {
			isa = XCBuildConfiguration;
			buildSettings = {
				ASSETCATALOG_COMPILER_APPICON_NAME = AppIcon;
				ASSETCATALOG_COMPILER_GLOBAL_ACCENT_COLOR_NAME = AccentColor;
				CODE_SIGN_STYLE = Automatic;
				CURRENT_PROJECT_VERSION = 1;
				DEVELOPMENT_TEAM = B2V35TTRCM;
				GENERATE_INFOPLIST_FILE = YES;
				INFOPLIST_FILE = "10 Destini/Info.plist";
				INFOPLIST_KEY_UIApplicationSupportsIndirectInputEvents = YES;
				INFOPLIST_KEY_UILaunchStoryboardName = LaunchScreen;
				INFOPLIST_KEY_UIMainStoryboardFile = Main;
				INFOPLIST_KEY_UISupportedInterfaceOrientations_iPad = "UIInterfaceOrientationPortrait UIInterfaceOrientationPortraitUpsideDown UIInterfaceOrientationLandscapeLeft UIInterfaceOrientationLandscapeRight";
				INFOPLIST_KEY_UISupportedInterfaceOrientations_iPhone = "UIInterfaceOrientationPortrait UIInterfaceOrientationLandscapeLeft UIInterfaceOrientationLandscapeRight";
				IPHONEOS_DEPLOYMENT_TARGET = 14.0;
				LD_RUNPATH_SEARCH_PATHS = (
					"$(inherited)",
					"@executable_path/Frameworks",
				);
				MARKETING_VERSION = 1.0;
				PRODUCT_BUNDLE_IDENTIFIER = "s9888556.-0-Destini";
				PRODUCT_NAME = "$(TARGET_NAME)";
				SUPPORTED_PLATFORMS = "iphoneos iphonesimulator";
				SUPPORTS_MACCATALYST = NO;
				SUPPORTS_MAC_DESIGNED_FOR_IPHONE_IPAD = NO;
				SWIFT_EMIT_LOC_STRINGS = YES;
				SWIFT_VERSION = 5.0;
				TARGETED_DEVICE_FAMILY = "1,2";
			};
			name = Debug;
		};
		D54EEE2E2A7A8A4D006E370C /* Release */ = {
			isa = XCBuildConfiguration;
			buildSettings = {
				ASSETCATALOG_COMPILER_APPICON_NAME = AppIcon;
				ASSETCATALOG_COMPILER_GLOBAL_ACCENT_COLOR_NAME = AccentColor;
				CODE_SIGN_STYLE = Automatic;
				CURRENT_PROJECT_VERSION = 1;
				DEVELOPMENT_TEAM = B2V35TTRCM;
				GENERATE_INFOPLIST_FILE = YES;
				INFOPLIST_FILE = "10 Destini/Info.plist";
				INFOPLIST_KEY_UIApplicationSupportsIndirectInputEvents = YES;
				INFOPLIST_KEY_UILaunchStoryboardName = LaunchScreen;
				INFOPLIST_KEY_UIMainStoryboardFile = Main;
				INFOPLIST_KEY_UISupportedInterfaceOrientations_iPad = "UIInterfaceOrientationPortrait UIInterfaceOrientationPortraitUpsideDown UIInterfaceOrientationLandscapeLeft UIInterfaceOrientationLandscapeRight";
				INFOPLIST_KEY_UISupportedInterfaceOrientations_iPhone = "UIInterfaceOrientationPortrait UIInterfaceOrientationLandscapeLeft UIInterfaceOrientationLandscapeRight";
				IPHONEOS_DEPLOYMENT_TARGET = 14.0;
				LD_RUNPATH_SEARCH_PATHS = (
					"$(inherited)",
					"@executable_path/Frameworks",
				);
				MARKETING_VERSION = 1.0;
				PRODUCT_BUNDLE_IDENTIFIER = "s9888556.-0-Destini";
				PRODUCT_NAME = "$(TARGET_NAME)";
				SUPPORTED_PLATFORMS = "iphoneos iphonesimulator";
				SUPPORTS_MACCATALYST = NO;
				SUPPORTS_MAC_DESIGNED_FOR_IPHONE_IPAD = NO;
				SWIFT_EMIT_LOC_STRINGS = YES;
				SWIFT_VERSION = 5.0;
				TARGETED_DEVICE_FAMILY = "1,2";
			};
			name = Release;
		};
/* End XCBuildConfiguration section */

/* Begin XCConfigurationList section */
		D54EEE132A7A8A4C006E370C /* Build configuration list for PBXProject "10 Destini" */ = {
			isa = XCConfigurationList;
			buildConfigurations = (
				D54EEE2A2A7A8A4D006E370C /* Debug */,
				D54EEE2B2A7A8A4D006E370C /* Release */,
			);
			defaultConfigurationIsVisible = 0;
			defaultConfigurationName = Release;
		};
		D54EEE2C2A7A8A4D006E370C /* Build configuration list for PBXNativeTarget "10 Destini" */ = {
			isa = XCConfigurationList;
			buildConfigurations = (
				D54EEE2D2A7A8A4D006E370C /* Debug */,
				D54EEE2E2A7A8A4D006E370C /* Release */,
			);
			defaultConfigurationIsVisible = 0;
			defaultConfigurationName = Release;
		};
/* End XCConfigurationList section */
	};
	rootObject = D54EEE102A7A8A4C006E370C /* Project object */;
}
