// !$*UTF8*$!
{
	archiveVersion = 1;
	classes = {
	};
	objectVersion = 56;
	objects = {

/* Begin PBXBuildFile section */
		D55F0AFF2A74E4DF0031BBD0 /* AppDelegate.swift in Sources */ = {isa = PBXBuildFile; fileRef = D55F0AFE2A74E4DF0031BBD0 /* AppDelegate.swift */; };
		D55F0B012A74E4DF0031BBD0 /* SceneDelegate.swift in Sources */ = {isa = PBXBuildFile; fileRef = D55F0B002A74E4DF0031BBD0 /* SceneDelegate.swift */; };
		D55F0B032A74E4DF0031BBD0 /* ViewController.swift in Sources */ = {isa = PBXBuildFile; fileRef = D55F0B022A74E4DF0031BBD0 /* ViewController.swift */; };
		D55F0B062A74E4DF0031BBD0 /* Main.storyboard in Resources */ = {isa = PBXBuildFile; fileRef = D55F0B042A74E4DF0031BBD0 /* Main.storyboard */; };
		D55F0B082A74E4E00031BBD0 /* Assets.xcassets in Resources */ = {isa = PBXBuildFile; fileRef = D55F0B072A74E4E00031BBD0 /* Assets.xcassets */; };
		D55F0B0B2A74E4E00031BBD0 /* LaunchScreen.storyboard in Resources */ = {isa = PBXBuildFile; fileRef = D55F0B092A74E4E00031BBD0 /* LaunchScreen.storyboard */; };
		D55F0B132A74E4FF0031BBD0 /* alarm_sound.mp3 in Resources */ = {isa = PBXBuildFile; fileRef = D55F0B122A74E4FF0031BBD0 /* alarm_sound.mp3 */; };
/* End PBXBuildFile section */

/* Begin PBXFileReference section */
		D55F0AFB2A74E4DF0031BBD0 /* 8 EggTimer.app */ = {isa = PBXFileReference; explicitFileType = wrapper.application; includeInIndex = 0; path = "8 EggTimer.app"; sourceTree = BUILT_PRODUCTS_DIR; };
		D55F0AFE2A74E4DF0031BBD0 /* AppDelegate.swift */ = {isa = PBXFileReference; lastKnownFileType = sourcecode.swift; path = AppDelegate.swift; sourceTree = "<group>"; };
		D55F0B002A74E4DF0031BBD0 /* SceneDelegate.swift */ = {isa = PBXFileReference; lastKnownFileType = sourcecode.swift; path = SceneDelegate.swift; sourceTree = "<group>"; };
		D55F0B022A74E4DF0031BBD0 /* ViewController.swift */ = {isa = PBXFileReference; lastKnownFileType = sourcecode.swift; path = ViewController.swift; sourceTree = "<group>"; };
		D55F0B052A74E4DF0031BBD0 /* Base */ = {isa = PBXFileReference; lastKnownFileType = file.storyboard; name = Base; path = Base.lproj/Main.storyboard; sourceTree = "<group>"; };
		D55F0B072A74E4E00031BBD0 /* Assets.xcassets */ = {isa = PBXFileReference; lastKnownFileType = folder.assetcatalog; path = Assets.xcassets; sourceTree = "<group>"; };
		D55F0B0A2A74E4E00031BBD0 /* Base */ = {isa = PBXFileReference; lastKnownFileType = file.storyboard; name = Base; path = Base.lproj/LaunchScreen.storyboard; sourceTree = "<group>"; };
		D55F0B0C2A74E4E00031BBD0 /* Info.plist */ = {isa = PBXFileReference; lastKnownFileType = text.plist.xml; path = Info.plist; sourceTree = "<group>"; };
		D55F0B122A74E4FF0031BBD0 /* alarm_sound.mp3 */ = {isa = PBXFileReference; lastKnownFileType = audio.mp3; path = alarm_sound.mp3; sourceTree = "<group>"; };
/* End PBXFileReference section */

/* Begin PBXFrameworksBuildPhase section */
		D55F0AF82A74E4DF0031BBD0 /* Frameworks */ = {
			isa = PBXFrameworksBuildPhase;
			buildActionMask = 2147483647;
			files = (
			);
			runOnlyForDeploymentPostprocessing = 0;
		};
/* End PBXFrameworksBuildPhase section */

/* Begin PBXGroup section */
		D55F0AF22A74E4DF0031BBD0 = {
			isa = PBXGroup;
			children = (
				D55F0AFD2A74E4DF0031BBD0 /* 8 EggTimer */,
				D55F0AFC2A74E4DF0031BBD0 /* Products */,
			);
			sourceTree = "<group>";
		};
		D55F0AFC2A74E4DF0031BBD0 /* Products */ = {
			isa = PBXGroup;
			children = (
				D55F0AFB2A74E4DF0031BBD0 /* 8 EggTimer.app */,
			);
			name = Products;
			sourceTree = "<group>";
		};
		D55F0AFD2A74E4DF0031BBD0 /* 8 EggTimer */ = {
			isa = PBXGroup;
			children = (
				D55F0AFE2A74E4DF0031BBD0 /* AppDelegate.swift */,
				D55F0B002A74E4DF0031BBD0 /* SceneDelegate.swift */,
				D55F0B022A74E4DF0031BBD0 /* ViewController.swift */,
				D55F0B042A74E4DF0031BBD0 /* Main.storyboard */,
				D55F0B072A74E4E00031BBD0 /* Assets.xcassets */,
				D55F0B092A74E4E00031BBD0 /* LaunchScreen.storyboard */,
				D55F0B0C2A74E4E00031BBD0 /* Info.plist */,
				D55F0B122A74E4FF0031BBD0 /* alarm_sound.mp3 */,
			);
			path = "8 EggTimer";
			sourceTree = "<group>";
		};
/* End PBXGroup section */

/* Begin PBXNativeTarget section */
		D55F0AFA2A74E4DF0031BBD0 /* 8 EggTimer */ = {
			isa = PBXNativeTarget;
			buildConfigurationList = D55F0B0F2A74E4E00031BBD0 /* Build configuration list for PBXNativeTarget "8 EggTimer" */;
			buildPhases = (
				D55F0AF72A74E4DF0031BBD0 /* Sources */,
				D55F0AF82A74E4DF0031BBD0 /* Frameworks */,
				D55F0AF92A74E4DF0031BBD0 /* Resources */,
			);
			buildRules = (
			);
			dependencies = (
			);
			name = "8 EggTimer";
			productName = "8 EggTimer";
			productReference = D55F0AFB2A74E4DF0031BBD0 /* 8 EggTimer.app */;
			productType = "com.apple.product-type.application";
		};
/* End PBXNativeTarget section */

/* Begin PBXProject section */
		D55F0AF32A74E4DF0031BBD0 /* Project object */ = {
			isa = PBXProject;
			attributes = {
				BuildIndependentTargetsInParallel = 1;
				LastSwiftUpdateCheck = 1430;
				LastUpgradeCheck = 1430;
				TargetAttributes = {
					D55F0AFA2A74E4DF0031BBD0 = {
						CreatedOnToolsVersion = 14.3.1;
					};
				};
			};
			buildConfigurationList = D55F0AF62A74E4DF0031BBD0 /* Build configuration list for PBXProject "8 EggTimer" */;
			compatibilityVersion = "Xcode 14.0";
			developmentRegion = en;
			hasScannedForEncodings = 0;
			knownRegions = (
				en,
				Base,
			);
			mainGroup = D55F0AF22A74E4DF0031BBD0;
			productRefGroup = D55F0AFC2A74E4DF0031BBD0 /* Products */;
			projectDirPath = "";
			projectRoot = "";
			targets = (
				D55F0AFA2A74E4DF0031BBD0 /* 8 EggTimer */,
			);
		};
/* End PBXProject section */

/* Begin PBXResourcesBuildPhase section */
		D55F0AF92A74E4DF0031BBD0 /* Resources */ = {
			isa = PBXResourcesBuildPhase;
			buildActionMask = 2147483647;
			files = (
				D55F0B0B2A74E4E00031BBD0 /* LaunchScreen.storyboard in Resources */,
				D55F0B082A74E4E00031BBD0 /* Assets.xcassets in Resources */,
				D55F0B132A74E4FF0031BBD0 /* alarm_sound.mp3 in Resources */,
				D55F0B062A74E4DF0031BBD0 /* Main.storyboard in Resources */,
			);
			runOnlyForDeploymentPostprocessing = 0;
		};
/* End PBXResourcesBuildPhase section */

/* Begin PBXSourcesBuildPhase section */
		D55F0AF72A74E4DF0031BBD0 /* Sources */ = {
			isa = PBXSourcesBuildPhase;
			buildActionMask = 2147483647;
			files = (
				D55F0B032A74E4DF0031BBD0 /* ViewController.swift in Sources */,
				D55F0AFF2A74E4DF0031BBD0 /* AppDelegate.swift in Sources */,
				D55F0B012A74E4DF0031BBD0 /* SceneDelegate.swift in Sources */,
			);
			runOnlyForDeploymentPostprocessing = 0;
		};
/* End PBXSourcesBuildPhase section */

/* Begin PBXVariantGroup section */
		D55F0B042A74E4DF0031BBD0 /* Main.storyboard */ = {
			isa = PBXVariantGroup;
			children = (
				D55F0B052A74E4DF0031BBD0 /* Base */,
			);
			name = Main.storyboard;
			sourceTree = "<group>";
		};
		D55F0B092A74E4E00031BBD0 /* LaunchScreen.storyboard */ = {
			isa = PBXVariantGroup;
			children = (
				D55F0B0A2A74E4E00031BBD0 /* Base */,
			);
			name = LaunchScreen.storyboard;
			sourceTree = "<group>";
		};
/* End PBXVariantGroup section */

/* Begin XCBuildConfiguration section */
		D55F0B0D2A74E4E00031BBD0 /* Debug */ = {
			isa = XCBuildConfiguration;
			buildSettings = {
				ALWAYS_SEARCH_USER_PATHS = NO;
				CLANG_ANALYZER_NONNULL = YES;
				CLANG_ANALYZER_NUMBER_OBJECT_CONVERSION = YES_AGGRESSIVE;
				CLANG_CXX_LANGUAGE_STANDARD = "gnu++20";
				CLANG_ENABLE_MODULES = YES;
				CLANG_ENABLE_OBJC_ARC = YES;
				CLANG_ENABLE_OBJC_WEAK = YES;
				CLANG_WARN_BLOCK_CAPTURE_AUTORELEASING = YES;
				CLANG_WARN_BOOL_CONVERSION = YES;
				CLANG_WARN_COMMA = YES;
				CLANG_WARN_CONSTANT_CONVERSION = YES;
				CLANG_WARN_DEPRECATED_OBJC_IMPLEMENTATIONS = YES;
				CLANG_WARN_DIRECT_OBJC_ISA_USAGE = YES_ERROR;
				CLANG_WARN_DOCUMENTATION_COMMENTS = YES;
				CLANG_WARN_EMPTY_BODY = YES;
				CLANG_WARN_ENUM_CONVERSION = YES;
				CLANG_WARN_INFINITE_RECURSION = YES;
				CLANG_WARN_INT_CONVERSION = YES;
				CLANG_WARN_NON_LITERAL_NULL_CONVERSION = YES;
				CLANG_WARN_OBJC_IMPLICIT_RETAIN_SELF = YES;
				CLANG_WARN_OBJC_LITERAL_CONVERSION = YES;
				CLANG_WARN_OBJC_ROOT_CLASS = YES_ERROR;
				CLANG_WARN_QUOTED_INCLUDE_IN_FRAMEWORK_HEADER = YES;
				CLANG_WARN_RANGE_LOOP_ANALYSIS = YES;
				CLANG_WARN_STRICT_PROTOTYPES = YES;
				CLANG_WARN_SUSPICIOUS_MOVE = YES;
				CLANG_WARN_UNGUARDED_AVAILABILITY = YES_AGGRESSIVE;
				CLANG_WARN_UNREACHABLE_CODE = YES;
				CLANG_WARN__DUPLICATE_METHOD_MATCH = YES;
				COPY_PHASE_STRIP = NO;
				DEBUG_INFORMATION_FORMAT = dwarf;
				ENABLE_STRICT_OBJC_MSGSEND = YES;
				ENABLE_TESTABILITY = YES;
				GCC_C_LANGUAGE_STANDARD = gnu11;
				GCC_DYNAMIC_NO_PIC = NO;
				GCC_NO_COMMON_BLOCKS = YES;
				GCC_OPTIMIZATION_LEVEL = 0;
				GCC_PREPROCESSOR_DEFINITIONS = (
					"DEBUG=1",
					"$(inherited)",
				);
				GCC_WARN_64_TO_32_BIT_CONVERSION = YES;
				GCC_WARN_ABOUT_RETURN_TYPE = YES_ERROR;
				GCC_WARN_UNDECLARED_SELECTOR = YES;
				GCC_WARN_UNINITIALIZED_AUTOS = YES_AGGRESSIVE;
				GCC_WARN_UNUSED_FUNCTION = YES;
				GCC_WARN_UNUSED_VARIABLE = YES;
				IPHONEOS_DEPLOYMENT_TARGET = 16.4;
				MTL_ENABLE_DEBUG_INFO = INCLUDE_SOURCE;
				MTL_FAST_MATH = YES;
				ONLY_ACTIVE_ARCH = YES;
				SDKROOT = iphoneos;
				SWIFT_ACTIVE_COMPILATION_CONDITIONS = DEBUG;
				SWIFT_OPTIMIZATION_LEVEL = "-Onone";
			};
			name = Debug;
		};
		D55F0B0E2A74E4E00031BBD0 /* Release */ = {
			isa = XCBuildConfiguration;
			buildSettings = {
				ALWAYS_SEARCH_USER_PATHS = NO;
				CLANG_ANALYZER_NONNULL = YES;
				CLANG_ANALYZER_NUMBER_OBJECT_CONVERSION = YES_AGGRESSIVE;
				CLANG_CXX_LANGUAGE_STANDARD = "gnu++20";
				CLANG_ENABLE_MODULES = YES;
				CLANG_ENABLE_OBJC_ARC = YES;
				CLANG_ENABLE_OBJC_WEAK = YES;
				CLANG_WARN_BLOCK_CAPTURE_AUTORELEASING = YES;
				CLANG_WARN_BOOL_CONVERSION = YES;
				CLANG_WARN_COMMA = YES;
				CLANG_WARN_CONSTANT_CONVERSION = YES;
				CLANG_WARN_DEPRECATED_OBJC_IMPLEMENTATIONS = YES;
				CLANG_WARN_DIRECT_OBJC_ISA_USAGE = YES_ERROR;
				CLANG_WARN_DOCUMENTATION_COMMENTS = YES;
				CLANG_WARN_EMPTY_BODY = YES;
				CLANG_WARN_ENUM_CONVERSION = YES;
				CLANG_WARN_INFINITE_RECURSION = YES;
				CLANG_WARN_INT_CONVERSION = YES;
				CLANG_WARN_NON_LITERAL_NULL_CONVERSION = YES;
				CLANG_WARN_OBJC_IMPLICIT_RETAIN_SELF = YES;
				CLANG_WARN_OBJC_LITERAL_CONVERSION = YES;
				CLANG_WARN_OBJC_ROOT_CLASS = YES_ERROR;
				CLANG_WARN_QUOTED_INCLUDE_IN_FRAMEWORK_HEADER = YES;
				CLANG_WARN_RANGE_LOOP_ANALYSIS = YES;
				CLANG_WARN_STRICT_PROTOTYPES = YES;
				CLANG_WARN_SUSPICIOUS_MOVE = YES;
				CLANG_WARN_UNGUARDED_AVAILABILITY = YES_AGGRESSIVE;
				CLANG_WARN_UNREACHABLE_CODE = YES;
				CLANG_WARN__DUPLICATE_METHOD_MATCH = YES;
				COPY_PHASE_STRIP = NO;
				DEBUG_INFORMATION_FORMAT = "dwarf-with-dsym";
				ENABLE_NS_ASSERTIONS = NO;
				ENABLE_STRICT_OBJC_MSGSEND = YES;
				GCC_C_LANGUAGE_STANDARD = gnu11;
				GCC_NO_COMMON_BLOCKS = YES;
				GCC_WARN_64_TO_32_BIT_CONVERSION = YES;
				GCC_WARN_ABOUT_RETURN_TYPE = YES_ERROR;
				GCC_WARN_UNDECLARED_SELECTOR = YES;
				GCC_WARN_UNINITIALIZED_AUTOS = YES_AGGRESSIVE;
				GCC_WARN_UNUSED_FUNCTION = YES;
				GCC_WARN_UNUSED_VARIABLE = YES;
				IPHONEOS_DEPLOYMENT_TARGET = 16.4;
				MTL_ENABLE_DEBUG_INFO = NO;
				MTL_FAST_MATH = YES;
				SDKROOT = iphoneos;
				SWIFT_COMPILATION_MODE = wholemodule;
				SWIFT_OPTIMIZATION_LEVEL = "-O";
				VALIDATE_PRODUCT = YES;
			};
			name = Release;
		};
		D55F0B102A74E4E00031BBD0 /* Debug */ = {
			isa = XCBuildConfiguration;
			buildSettings = {
				ASSETCATALOG_COMPILER_APPICON_NAME = AppIcon;
				ASSETCATALOG_COMPILER_GLOBAL_ACCENT_COLOR_NAME = AccentColor;
				CODE_SIGN_STYLE = Automatic;
				CURRENT_PROJECT_VERSION = 1;
				DEVELOPMENT_TEAM = B2V35TTRCM;
				GENERATE_INFOPLIST_FILE = YES;
				INFOPLIST_FILE = "8 EggTimer/Info.plist";
				INFOPLIST_KEY_UIApplicationSupportsIndirectInputEvents = YES;
				INFOPLIST_KEY_UILaunchStoryboardName = LaunchScreen;
				INFOPLIST_KEY_UIMainStoryboardFile = Main;
				INFOPLIST_KEY_UISupportedInterfaceOrientations_iPad = "UIInterfaceOrientationPortrait UIInterfaceOrientationPortraitUpsideDown UIInterfaceOrientationLandscapeLeft UIInterfaceOrientationLandscapeRight";
				INFOPLIST_KEY_UISupportedInterfaceOrientations_iPhone = "UIInterfaceOrientationPortrait UIInterfaceOrientationLandscapeLeft UIInterfaceOrientationLandscapeRight";
				LD_RUNPATH_SEARCH_PATHS = (
					"$(inherited)",
					"@executable_path/Frameworks",
				);
				MARKETING_VERSION = 1.0;
				PRODUCT_BUNDLE_IDENTIFIER = "s9888556.--EggTimer";
				PRODUCT_NAME = "$(TARGET_NAME)";
				SWIFT_EMIT_LOC_STRINGS = YES;
				SWIFT_VERSION = 5.0;
				TARGETED_DEVICE_FAMILY = "1,2";
			};
			name = Debug;
		};
		D55F0B112A74E4E00031BBD0 /* Release */ = {
			isa = XCBuildConfiguration;
			buildSettings = {
				ASSETCATALOG_COMPILER_APPICON_NAME = AppIcon;
				ASSETCATALOG_COMPILER_GLOBAL_ACCENT_COLOR_NAME = AccentColor;
				CODE_SIGN_STYLE = Automatic;
				CURRENT_PROJECT_VERSION = 1;
				DEVELOPMENT_TEAM = B2V35TTRCM;
				GENERATE_INFOPLIST_FILE = YES;
				INFOPLIST_FILE = "8 EggTimer/Info.plist";
				INFOPLIST_KEY_UIApplicationSupportsIndirectInputEvents = YES;
				INFOPLIST_KEY_UILaunchStoryboardName = LaunchScreen;
				INFOPLIST_KEY_UIMainStoryboardFile = Main;
				INFOPLIST_KEY_UISupportedInterfaceOrientations_iPad = "UIInterfaceOrientationPortrait UIInterfaceOrientationPortraitUpsideDown UIInterfaceOrientationLandscapeLeft UIInterfaceOrientationLandscapeRight";
				INFOPLIST_KEY_UISupportedInterfaceOrientations_iPhone = "UIInterfaceOrientationPortrait UIInterfaceOrientationLandscapeLeft UIInterfaceOrientationLandscapeRight";
				LD_RUNPATH_SEARCH_PATHS = (
					"$(inherited)",
					"@executable_path/Frameworks",
				);
				MARKETING_VERSION = 1.0;
				PRODUCT_BUNDLE_IDENTIFIER = "s9888556.--EggTimer";
				PRODUCT_NAME = "$(TARGET_NAME)";
				SWIFT_EMIT_LOC_STRINGS = YES;
				SWIFT_VERSION = 5.0;
				TARGETED_DEVICE_FAMILY = "1,2";
			};
			name = Release;
		};
/* End XCBuildConfiguration section */

/* Begin XCConfigurationList section */
		D55F0AF62A74E4DF0031BBD0 /* Build configuration list for PBXProject "8 EggTimer" */ = {
			isa = XCConfigurationList;
			buildConfigurations = (
				D55F0B0D2A74E4E00031BBD0 /* Debug */,
				D55F0B0E2A74E4E00031BBD0 /* Release */,
			);
			defaultConfigurationIsVisible = 0;
			defaultConfigurationName = Release;
		};
		D55F0B0F2A74E4E00031BBD0 /* Build configuration list for PBXNativeTarget "8 EggTimer" */ = {
			isa = XCConfigurationList;
			buildConfigurations = (
				D55F0B102A74E4E00031BBD0 /* Debug */,
				D55F0B112A74E4E00031BBD0 /* Release */,
			);
			defaultConfigurationIsVisible = 0;
			defaultConfigurationName = Release;
		};
/* End XCConfigurationList section */
	};
	rootObject = D55F0AF32A74E4DF0031BBD0 /* Project object */;
}
